<?xml version="1.0" encoding="utf-8"?>
<Project ToolsVersion="4.0" xmlns="http://schemas.microsoft.com/developer/msbuild/2003">
  <ItemGroup>
    <Filter Include="Source files">
      <UniqueIdentifier>{f2070bb0-c686-4059-a364-700219dfb43b}</UniqueIdentifier>
      <Extensions>cpp;c;cc;cxx;def;odl;idl;hpj;bat;asm;asmx</Extensions>
    </Filter>
    <Filter Include="Header files">
      <UniqueIdentifier>{b09d89af-993d-4788-a0dc-b75100850016}</UniqueIdentifier>
      <Extensions>h;hpp;hxx;hm;inl;inc;xsd</Extensions>
    </Filter>
    <Filter Include="Resource files">
      <UniqueIdentifier>{519cbdb2-1a22-4257-9cd9-8d9681a96fdf}</UniqueIdentifier>
      <Extensions>rc;ico;cur;bmp;dlg;rc2;rct;bin;rgs;gif;jpg;jpeg;jpe;resx;tiff;tif;png;wav</Extensions>
    </Filter>
    <Filter Include="Make files">
      <UniqueIdentifier>{d164efcf-fc0c-4679-9dd4-d4fab528f31d}</UniqueIdentifier>
      <Extensions>*.mak</Extensions>
    </Filter>
  </ItemGroup>
  <ItemGroup>
    <ClCompile Include="CoffeeController.cpp">
      <Filter>Source files</Filter>
    </ClCompile>
    <ClCompile Include="Speaker.cpp">
      <Filter>Source files</Filter>
    </ClCompile>
    <ClCompile Include="RF.cpp">
      <Filter>Source files</Filter>
    </ClCompile>
    <ClCompile Include="LED.cpp">
      <Filter>Source files</Filter>
    </ClCompile>
    <ClCompile Include="DistanceSensor.cpp">
      <Filter>Source files</Filter>
    </ClCompile>
    <ClCompile Include="Database.cpp">
      <Filter>Source files</Filter>
    </ClCompile>
  </ItemGroup>
  <ItemGroup>
    <None Include="Makefile" />
    <None Include="debug.mak">
      <Filter>Make files</Filter>
    </None>
    <None Include="release.mak">
      <Filter>Make files</Filter>
    </None>
    <None Include="RaspiCoffeeDB.db" />
  </ItemGroup>
  <ItemGroup>
    <ClInclude Include="Speaker.h">
      <Filter>Header files</Filter>
    </ClInclude>
    <ClInclude Include="RF.h">
      <Filter>Header files</Filter>
    </ClInclude>
    <ClInclude Include="LED.h">
      <Filter>Header files</Filter>
    </ClInclude>
    <ClInclude Include="DistanceSensor.h">
      <Filter>Header files</Filter>
    </ClInclude>
    <ClInclude Include="Database.h">
      <Filter>Header files</Filter>
    </ClInclude>
  </ItemGroup>
</Project>