
Microsoft Visual Studio Solution File, Format Version 12.00
# Visual Studio 14
VisualStudioVersion = 14.0.24720.0
MinimumVisualStudioVersion = 10.0.40219.1
Project("{8BC9CEB8-8B4A-11D0-8D11-00A0C91BC942}") = "CoffeeController", "CoffeeController\CoffeeController.vcxproj", "{AF819651-21F6-44E4-B864-3E501292916F}"
EndProject
Global
	GlobalSection(SolutionConfigurationPlatforms) = preSolution
		Debug|Win32 = Debug|Win32
		Release|Win32 = Release|Win32
	EndGlobalSection
	GlobalSection(ProjectConfigurationPlatforms) = postSolution
		{AF819651-21F6-44E4-B864-3E501292916F}.Debug|Win32.ActiveCfg = Debug|Win32
		{AF819651-21F6-44E4-B864-3E501292916F}.Debug|Win32.Build.0 = Debug|Win32
		{AF819651-21F6-44E4-B864-3E501292916F}.Release|Win32.ActiveCfg = Release|Win32
		{AF819651-21F6-44E4-B864-3E501292916F}.Release|Win32.Build.0 = Release|Win32
	EndGlobalSection
	GlobalSection(SolutionProperties) = preSolution
		HideSolutionNode = FALSE
	EndGlobalSection
EndGlobal
